
Microsoft Visual Studio Solution File, Format Version 12.00
# Visual Studio Version 17
VisualStudioVersion = 17.2.32630.192
MinimumVisualStudioVersion = 10.0.40219.1
Project("{2150E333-8FDC-42A3-9474-1A3956D46DE8}") = "src", "src", "{D23A5830-3CD8-4406-8937-835B552B7F64}"
EndProject
Project("{2150E333-8FDC-42A3-9474-1A3956D46DE8}") = "Account", "Account", "{F99293A6-2FF0-42CB-A37A-FFCA29FAC40F}"
EndProject
Project("{9A19103F-16F7-4668-BE54-9A1E7A4F7556}") = "Account.Infrastructure", "Account.Infrastructure\Account.Infrastructure.csproj", "{A1F2E4D4-0D9D-4912-BBDF-EE17ED274428}"
EndProject
Project("{9A19103F-16F7-4668-BE54-9A1E7A4F7556}") = "Account.Tests", "Account.Tests\Account.Tests.csproj", "{3397AD02-774B-4A97-B097-E965CDD39118}"
EndProject
Project("{9A19103F-16F7-4668-BE54-9A1E7A4F7556}") = "Account.API", "Account\Account.API.csproj", "{419068B7-0C51-41F8-8C64-BF66F0F30213}"
EndProject
Project("{9A19103F-16F7-4668-BE54-9A1E7A4F7556}") = "Account.Domain", "Account.Domain\Account.Domain.csproj", "{0AF5F538-62A8-45E0-AE52-68D807727BC2}"
EndProject
Project("{9A19103F-16F7-4668-BE54-9A1E7A4F7556}") = "Common", "Common\Common.csproj", "{A66B54E6-E8DC-49B2-AF25-84F85C2B4920}"
EndProject
Project("{2150E333-8FDC-42A3-9474-1A3956D46DE8}") = "Posts", "Posts", "{5DD521DD-3BFC-4BC9-9F7B-71FDB9A6FCB0}"
EndProject
Project("{9A19103F-16F7-4668-BE54-9A1E7A4F7556}") = "Posts.API", "Posts.API\Posts.API.csproj", "{4DB79AB7-A468-4AC0-ABFB-333BACD54B34}"
EndProject
Project("{9A19103F-16F7-4668-BE54-9A1E7A4F7556}") = "Posts.Domain", "Posts.Domain\Posts.Domain.csproj", "{0A1FF83A-586F-4752-B70A-8AE194478DDF}"
EndProject
Project("{9A19103F-16F7-4668-BE54-9A1E7A4F7556}") = "Posts.Infrastructure", "Posts.Infrastructure\Posts.Infrastructure.csproj", "{BF18FC54-CF25-4FED-9D62-DEDAF1207253}"
EndProject
Project("{9A19103F-16F7-4668-BE54-9A1E7A4F7556}") = "Posts.Tests", "Posts.Tests\Posts.Tests.csproj", "{2882D480-47EB-43A3-89F4-74E5F542C1DA}"
EndProject
Project("{2150E333-8FDC-42A3-9474-1A3956D46DE8}") = "Media", "Media", "{53D6CF23-3FA1-4C40-8749-2FF889424D49}"
EndProject
Project("{9A19103F-16F7-4668-BE54-9A1E7A4F7556}") = "Media.API", "Media.API\Media.API.csproj", "{2DEFAF42-C102-4765-8B7B-1D3F1B917D78}"
EndProject
Project("{2150E333-8FDC-42A3-9474-1A3956D46DE8}") = "ApiGateway", "ApiGateway", "{614BFE91-0990-4E58-AA92-B75B5E5D8DB8}"
EndProject
Project("{FAE04EC0-301F-11D3-BF4B-00C04F79EFBC}") = "SocialDynamoAPI", "SocialDynamoAPI\SocialDynamoAPI.csproj", "{BC6BD9AF-D6F2-4D92-8E0E-2EF613E19246}"
EndProject
Project("{E53339B2-1760-4266-BCC7-CA923CBCF16C}") = "docker-compose", "docker-compose.dcproj", "{BB931BAD-EC6C-4135-A6C5-3DA1A33773B4}"
EndProject
Global
	GlobalSection(SolutionConfigurationPlatforms) = preSolution
		Debug|Any CPU = Debug|Any CPU
		Release|Any CPU = Release|Any CPU
	EndGlobalSection
	GlobalSection(ProjectConfigurationPlatforms) = postSolution
		{A1F2E4D4-0D9D-4912-BBDF-EE17ED274428}.Debug|Any CPU.ActiveCfg = Debug|Any CPU
		{A1F2E4D4-0D9D-4912-BBDF-EE17ED274428}.Debug|Any CPU.Build.0 = Debug|Any CPU
		{A1F2E4D4-0D9D-4912-BBDF-EE17ED274428}.Release|Any CPU.ActiveCfg = Release|Any CPU
		{A1F2E4D4-0D9D-4912-BBDF-EE17ED274428}.Release|Any CPU.Build.0 = Release|Any CPU
		{3397AD02-774B-4A97-B097-E965CDD39118}.Debug|Any CPU.ActiveCfg = Debug|Any CPU
		{3397AD02-774B-4A97-B097-E965CDD39118}.Debug|Any CPU.Build.0 = Debug|Any CPU
		{3397AD02-774B-4A97-B097-E965CDD39118}.Release|Any CPU.ActiveCfg = Release|Any CPU
		{3397AD02-774B-4A97-B097-E965CDD39118}.Release|Any CPU.Build.0 = Release|Any CPU
		{419068B7-0C51-41F8-8C64-BF66F0F30213}.Debug|Any CPU.ActiveCfg = Debug|Any CPU
		{419068B7-0C51-41F8-8C64-BF66F0F30213}.Debug|Any CPU.Build.0 = Debug|Any CPU
		{419068B7-0C51-41F8-8C64-BF66F0F30213}.Release|Any CPU.ActiveCfg = Release|Any CPU
		{419068B7-0C51-41F8-8C64-BF66F0F30213}.Release|Any CPU.Build.0 = Release|Any CPU
		{0AF5F538-62A8-45E0-AE52-68D807727BC2}.Debug|Any CPU.ActiveCfg = Debug|Any CPU
		{0AF5F538-62A8-45E0-AE52-68D807727BC2}.Debug|Any CPU.Build.0 = Debug|Any CPU
		{0AF5F538-62A8-45E0-AE52-68D807727BC2}.Release|Any CPU.ActiveCfg = Release|Any CPU
		{0AF5F538-62A8-45E0-AE52-68D807727BC2}.Release|Any CPU.Build.0 = Release|Any CPU
		{A66B54E6-E8DC-49B2-AF25-84F85C2B4920}.Debug|Any CPU.ActiveCfg = Debug|Any CPU
		{A66B54E6-E8DC-49B2-AF25-84F85C2B4920}.Debug|Any CPU.Build.0 = Debug|Any CPU
		{A66B54E6-E8DC-49B2-AF25-84F85C2B4920}.Release|Any CPU.ActiveCfg = Release|Any CPU
		{A66B54E6-E8DC-49B2-AF25-84F85C2B4920}.Release|Any CPU.Build.0 = Release|Any CPU
		{4DB79AB7-A468-4AC0-ABFB-333BACD54B34}.Debug|Any CPU.ActiveCfg = Debug|Any CPU
		{4DB79AB7-A468-4AC0-ABFB-333BACD54B34}.Debug|Any CPU.Build.0 = Debug|Any CPU
		{4DB79AB7-A468-4AC0-ABFB-333BACD54B34}.Release|Any CPU.ActiveCfg = Release|Any CPU
		{4DB79AB7-A468-4AC0-ABFB-333BACD54B34}.Release|Any CPU.Build.0 = Release|Any CPU
		{0A1FF83A-586F-4752-B70A-8AE194478DDF}.Debug|Any CPU.ActiveCfg = Debug|Any CPU
		{0A1FF83A-586F-4752-B70A-8AE194478DDF}.Debug|Any CPU.Build.0 = Debug|Any CPU
		{0A1FF83A-586F-4752-B70A-8AE194478DDF}.Release|Any CPU.ActiveCfg = Release|Any CPU
		{0A1FF83A-586F-4752-B70A-8AE194478DDF}.Release|Any CPU.Build.0 = Release|Any CPU
		{BF18FC54-CF25-4FED-9D62-DEDAF1207253}.Debug|Any CPU.ActiveCfg = Debug|Any CPU
		{BF18FC54-CF25-4FED-9D62-DEDAF1207253}.Debug|Any CPU.Build.0 = Debug|Any CPU
		{BF18FC54-CF25-4FED-9D62-DEDAF1207253}.Release|Any CPU.ActiveCfg = Release|Any CPU
		{BF18FC54-CF25-4FED-9D62-DEDAF1207253}.Release|Any CPU.Build.0 = Release|Any CPU
		{2882D480-47EB-43A3-89F4-74E5F542C1DA}.Debug|Any CPU.ActiveCfg = Debug|Any CPU
		{2882D480-47EB-43A3-89F4-74E5F542C1DA}.Debug|Any CPU.Build.0 = Debug|Any CPU
		{2882D480-47EB-43A3-89F4-74E5F542C1DA}.Release|Any CPU.ActiveCfg = Release|Any CPU
		{2882D480-47EB-43A3-89F4-74E5F542C1DA}.Release|Any CPU.Build.0 = Release|Any CPU
		{2DEFAF42-C102-4765-8B7B-1D3F1B917D78}.Debug|Any CPU.ActiveCfg = Debug|Any CPU
		{2DEFAF42-C102-4765-8B7B-1D3F1B917D78}.Debug|Any CPU.Build.0 = Debug|Any CPU
		{2DEFAF42-C102-4765-8B7B-1D3F1B917D78}.Release|Any CPU.ActiveCfg = Release|Any CPU
		{2DEFAF42-C102-4765-8B7B-1D3F1B917D78}.Release|Any CPU.Build.0 = Release|Any CPU
		{BC6BD9AF-D6F2-4D92-8E0E-2EF613E19246}.Debug|Any CPU.ActiveCfg = Debug|Any CPU
		{BC6BD9AF-D6F2-4D92-8E0E-2EF613E19246}.Debug|Any CPU.Build.0 = Debug|Any CPU
		{BC6BD9AF-D6F2-4D92-8E0E-2EF613E19246}.Release|Any CPU.ActiveCfg = Release|Any CPU
		{BC6BD9AF-D6F2-4D92-8E0E-2EF613E19246}.Release|Any CPU.Build.0 = Release|Any CPU
		{BB931BAD-EC6C-4135-A6C5-3DA1A33773B4}.Debug|Any CPU.ActiveCfg = Debug|Any CPU
		{BB931BAD-EC6C-4135-A6C5-3DA1A33773B4}.Debug|Any CPU.Build.0 = Debug|Any CPU
		{BB931BAD-EC6C-4135-A6C5-3DA1A33773B4}.Release|Any CPU.ActiveCfg = Release|Any CPU
		{BB931BAD-EC6C-4135-A6C5-3DA1A33773B4}.Release|Any CPU.Build.0 = Release|Any CPU
	EndGlobalSection
	GlobalSection(SolutionProperties) = preSolution
		HideSolutionNode = FALSE
	EndGlobalSection
	GlobalSection(NestedProjects) = preSolution
		{F99293A6-2FF0-42CB-A37A-FFCA29FAC40F} = {D23A5830-3CD8-4406-8937-835B552B7F64}
		{A1F2E4D4-0D9D-4912-BBDF-EE17ED274428} = {F99293A6-2FF0-42CB-A37A-FFCA29FAC40F}
		{3397AD02-774B-4A97-B097-E965CDD39118} = {F99293A6-2FF0-42CB-A37A-FFCA29FAC40F}
		{419068B7-0C51-41F8-8C64-BF66F0F30213} = {F99293A6-2FF0-42CB-A37A-FFCA29FAC40F}
		{0AF5F538-62A8-45E0-AE52-68D807727BC2} = {F99293A6-2FF0-42CB-A37A-FFCA29FAC40F}
		{A66B54E6-E8DC-49B2-AF25-84F85C2B4920} = {D23A5830-3CD8-4406-8937-835B552B7F64}
		{5DD521DD-3BFC-4BC9-9F7B-71FDB9A6FCB0} = {D23A5830-3CD8-4406-8937-835B552B7F64}
		{4DB79AB7-A468-4AC0-ABFB-333BACD54B34} = {5DD521DD-3BFC-4BC9-9F7B-71FDB9A6FCB0}
		{0A1FF83A-586F-4752-B70A-8AE194478DDF} = {5DD521DD-3BFC-4BC9-9F7B-71FDB9A6FCB0}
		{BF18FC54-CF25-4FED-9D62-DEDAF1207253} = {5DD521DD-3BFC-4BC9-9F7B-71FDB9A6FCB0}
		{2882D480-47EB-43A3-89F4-74E5F542C1DA} = {5DD521DD-3BFC-4BC9-9F7B-71FDB9A6FCB0}
		{53D6CF23-3FA1-4C40-8749-2FF889424D49} = {D23A5830-3CD8-4406-8937-835B552B7F64}
		{2DEFAF42-C102-4765-8B7B-1D3F1B917D78} = {53D6CF23-3FA1-4C40-8749-2FF889424D49}
		{614BFE91-0990-4E58-AA92-B75B5E5D8DB8} = {D23A5830-3CD8-4406-8937-835B552B7F64}
		{BC6BD9AF-D6F2-4D92-8E0E-2EF613E19246} = {614BFE91-0990-4E58-AA92-B75B5E5D8DB8}
	EndGlobalSection
	GlobalSection(ExtensibilityGlobals) = postSolution
		SolutionGuid = {B7343EC9-466F-4686-BF52-897149790E80}
	EndGlobalSection
EndGlobal
